
Microsoft Visual Studio Solution File, Format Version 12.00
# Visual Studio Version 16
VisualStudioVersion = 16.0.32413.511
MinimumVisualStudioVersion = 10.0.40219.1
Project("{FAE04EC0-301F-11D3-BF4B-00C04F79EFBC}") = "kutuphane_otomasyon_sistemi", "kutuphane_otomasyon_sistemi\kutuphane_otomasyon_sistemi.csproj", "{B234E6E3-5C31-4B0A-8954-3F462499FA48}"
EndProject
Global
	GlobalSection(SolutionConfigurationPlatforms) = preSolution
		Debug|Any CPU = Debug|Any CPU
		Release|Any CPU = Release|Any CPU
	EndGlobalSection
	GlobalSection(ProjectConfigurationPlatforms) = postSolution
		{B234E6E3-5C31-4B0A-8954-3F462499FA48}.Debug|Any CPU.ActiveCfg = Debug|Any CPU
		{B234E6E3-5C31-4B0A-8954-3F462499FA48}.Debug|Any CPU.Build.0 = Debug|Any CPU
		{B234E6E3-5C31-4B0A-8954-3F462499FA48}.Release|Any CPU.ActiveCfg = Release|Any CPU
		{B234E6E3-5C31-4B0A-8954-3F462499FA48}.Release|Any CPU.Build.0 = Release|Any CPU
	EndGlobalSection
	GlobalSection(SolutionProperties) = preSolution
		HideSolutionNode = FALSE
	EndGlobalSection
	GlobalSection(ExtensibilityGlobals) = postSolution
		SolutionGuid = {2AF312C0-849B-41FC-9EBA-8297325900EF}
	EndGlobalSection
EndGlobal
